Imports System.Security.Cryptography.Pkcs

Public Class Form1
    Private Sub Button2_Click(sender As Object, e As EventArgs) Handles btnClear.Click
        lstFactors.Items.Clear()
    End Sub

    Private Sub Button1_Click(sender As Object, e As EventArgs) Handles btnFactors.Click
        Dim numb1 As Integer

        numb1 = txtNumb.Text
        For factors As Integer = 1 To numb1
            If numb1 Mod factors = 0 Then
                lstFactors.Items.Add(factors)
            End If

        Next
    End Sub

    Private Sub btnExit_Click(sender As Object, e As EventArgs) Handles btnExit.Click
        Application.Exit()
    End Sub
End Class
